
Microsoft Visual Studio Solution File, Format Version 12.00
# Visual Studio Version 17
VisualStudioVersion = 17.10.34804.81
MinimumVisualStudioVersion = 10.0.40219.1
Project("{9A19103F-16F7-4668-BE54-9A1E7A4F7556}") = "Portfolio.WebApi", "Portfolio.WebApi.csproj", "{CD39112A-1E0B-44EF-9FC2-BB8042EF3821}"
	ProjectSection(ProjectDependencies) = postProject
		{76598B17-1A25-4186-A29A-D0CE9C3A07DF} = {76598B17-1A25-4186-A29A-D0CE9C3A07DF}
	EndProjectSection
EndProject
Project("{9A19103F-16F7-4668-BE54-9A1E7A4F7556}") = "Portfolio.Core", "..\Portfolio.Core\Portfolio.Core.csproj", "{ACE6D618-A411-4071-AF11-CC66752241AD}"
EndProject
Project("{9A19103F-16F7-4668-BE54-9A1E7A4F7556}") = "Portfolio.Domain", "..\Portfolio.Domain\Portfolio.Domain.csproj", "{76598B17-1A25-4186-A29A-D0CE9C3A07DF}"
	ProjectSection(ProjectDependencies) = postProject
		{ACE6D618-A411-4071-AF11-CC66752241AD} = {ACE6D618-A411-4071-AF11-CC66752241AD}
	EndProjectSection
EndProject
Project("{9A19103F-16F7-4668-BE54-9A1E7A4F7556}") = "Portfolio.Infrastructure", "..\Portfolio.Infrastructure\Portfolio.Infrastructure.csproj", "{93D8FF3A-7926-4475-A80D-12BB68EE912F}"
EndProject
Global
	GlobalSection(SolutionConfigurationPlatforms) = preSolution
		Debug|Any CPU = Debug|Any CPU
		Release|Any CPU = Release|Any CPU
	EndGlobalSection
	GlobalSection(ProjectConfigurationPlatforms) = postSolution
		{CD39112A-1E0B-44EF-9FC2-BB8042EF3821}.Debug|Any CPU.ActiveCfg = Debug|Any CPU
		{CD39112A-1E0B-44EF-9FC2-BB8042EF3821}.Debug|Any CPU.Build.0 = Debug|Any CPU
		{CD39112A-1E0B-44EF-9FC2-BB8042EF3821}.Release|Any CPU.ActiveCfg = Release|Any CPU
		{CD39112A-1E0B-44EF-9FC2-BB8042EF3821}.Release|Any CPU.Build.0 = Release|Any CPU
		{ACE6D618-A411-4071-AF11-CC66752241AD}.Debug|Any CPU.ActiveCfg = Debug|Any CPU
		{ACE6D618-A411-4071-AF11-CC66752241AD}.Debug|Any CPU.Build.0 = Debug|Any CPU
		{ACE6D618-A411-4071-AF11-CC66752241AD}.Release|Any CPU.ActiveCfg = Release|Any CPU
		{ACE6D618-A411-4071-AF11-CC66752241AD}.Release|Any CPU.Build.0 = Release|Any CPU
		{76598B17-1A25-4186-A29A-D0CE9C3A07DF}.Debug|Any CPU.ActiveCfg = Debug|Any CPU
		{76598B17-1A25-4186-A29A-D0CE9C3A07DF}.Debug|Any CPU.Build.0 = Debug|Any CPU
		{76598B17-1A25-4186-A29A-D0CE9C3A07DF}.Release|Any CPU.ActiveCfg = Release|Any CPU
		{76598B17-1A25-4186-A29A-D0CE9C3A07DF}.Release|Any CPU.Build.0 = Release|Any CPU
		{93D8FF3A-7926-4475-A80D-12BB68EE912F}.Debug|Any CPU.ActiveCfg = Debug|Any CPU
		{93D8FF3A-7926-4475-A80D-12BB68EE912F}.Debug|Any CPU.Build.0 = Debug|Any CPU
		{93D8FF3A-7926-4475-A80D-12BB68EE912F}.Release|Any CPU.ActiveCfg = Release|Any CPU
		{93D8FF3A-7926-4475-A80D-12BB68EE912F}.Release|Any CPU.Build.0 = Release|Any CPU
	EndGlobalSection
	GlobalSection(SolutionProperties) = preSolution
		HideSolutionNode = FALSE
	EndGlobalSection
	GlobalSection(ExtensibilityGlobals) = postSolution
		SolutionGuid = {6F3ADA88-3CCF-4115-9C45-CEA5EF4376A5}
	EndGlobalSection
EndGlobal
